{
  "name": "パブリックの開発環境",
  "lockfileVersion": 3,
  "requires": true,
  "packages": {
    "": {
      "dependencies": {
        "@notionhq/client": "^5.11.1"
      }
    },
    "node_modules/@notionhq/client": {
      "version": "5.11.1",
      "resolved": "https://registry.npmjs.org/@notionhq/client/-/client-5.11.1.tgz",
      "integrity": "sha512-393XUAb4706eWKQx1xxg/tdn/rTY6+qj3PxTGyTr03D7ydO6e7B7tYyidxJCbKzNSSCVTUAth/bLoKNhm0VoUQ==",
      "license": "MIT",
      "engines": {
        "node": ">=18"
      }
    }
  }
}
